
Microsoft Visual Studio Solution File, Format Version 12.00
# Visual Studio Version 16
VisualStudioVersion = 16.0.28621.142
MinimumVisualStudioVersion = 10.0.40219.1
Project("{8BC9CEB8-8B4A-11D0-8D11-00A0C91BC942}") = "堆栈队列", "堆栈队列.vcxproj", "{DD9AB78E-5902-44C4-A1F5-AEDFFD9E8F43}"
EndProject
Global
	GlobalSection(SolutionConfigurationPlatforms) = preSolution
		Debug|x64 = Debug|x64
		Debug|x86 = Debug|x86
		Release|x64 = Release|x64
		Release|x86 = Release|x86
	EndGlobalSection
	GlobalSection(ProjectConfigurationPlatforms) = postSolution
		{DD9AB78E-5902-44C4-A1F5-AEDFFD9E8F43}.Debug|x64.ActiveCfg = Debug|x64
		{DD9AB78E-5902-44C4-A1F5-AEDFFD9E8F43}.Debug|x64.Build.0 = Debug|x64
		{DD9AB78E-5902-44C4-A1F5-AEDFFD9E8F43}.Debug|x86.ActiveCfg = Debug|Win32
		{DD9AB78E-5902-44C4-A1F5-AEDFFD9E8F43}.Debug|x86.Build.0 = Debug|Win32
		{DD9AB78E-5902-44C4-A1F5-AEDFFD9E8F43}.Release|x64.ActiveCfg = Release|x64
		{DD9AB78E-5902-44C4-A1F5-AEDFFD9E8F43}.Release|x64.Build.0 = Release|x64
		{DD9AB78E-5902-44C4-A1F5-AEDFFD9E8F43}.Release|x86.ActiveCfg = Release|Win32
		{DD9AB78E-5902-44C4-A1F5-AEDFFD9E8F43}.Release|x86.Build.0 = Release|Win32
	EndGlobalSection
	GlobalSection(SolutionProperties) = preSolution
		HideSolutionNode = FALSE
	EndGlobalSection
	GlobalSection(ExtensibilityGlobals) = postSolution
		SolutionGuid = {3BB4D8BD-054B-4CBD-8BE6-3D85EA0EC248}
	EndGlobalSection
EndGlobal
