
Microsoft Visual Studio Solution File, Format Version 12.00
# Visual Studio Version 16
VisualStudioVersion = 16.0.28621.142
MinimumVisualStudioVersion = 10.0.40219.1
Project("{8BC9CEB8-8B4A-11D0-8D11-00A0C91BC942}") = "斐波那契数列-线性模型", "动态规划.vcxproj", "{A1BD9656-1EB3-4EAB-BC16-9626E734AF5D}"
EndProject
Project("{8BC9CEB8-8B4A-11D0-8D11-00A0C91BC942}") = "钢条切割-线性模型", "..\钢条切割\钢条切割.vcxproj", "{878DD256-89A5-43E4-9B50-B4EF99569107}"
EndProject
Project("{8BC9CEB8-8B4A-11D0-8D11-00A0C91BC942}") = "小朋友过桥-线性模型", "..\小朋友过桥-线性模型\小朋友过桥-线性模型.vcxproj", "{245E0199-D091-493D-A13C-9DF57B8C66CD}"
EndProject
Project("{8BC9CEB8-8B4A-11D0-8D11-00A0C91BC942}") = "添加最少字符成为回文串-区间模型", "..\添加最少字符成为回文串\添加最少字符成为回文串.vcxproj", "{1355CD29-24B7-44FD-AEE4-EED6C4C3CAAE}"
EndProject
Project("{8BC9CEB8-8B4A-11D0-8D11-00A0C91BC942}") = "0-1背包-背包模型", "..\0-1背包-背包模型\0-1背包-背包模型.vcxproj", "{A4B24C64-F996-4090-8313-2E045881F9FB}"
EndProject
Project("{8BC9CEB8-8B4A-11D0-8D11-00A0C91BC942}") = "完全背包-背包模型", "..\完全背包-背包模型\完全背包-背包模型.vcxproj", "{85199706-E2C3-4CB0-9F84-0E5EB1849082}"
EndProject
Project("{8BC9CEB8-8B4A-11D0-8D11-00A0C91BC942}") = "多重背包-背包模型", "..\多重背包-背包模型\多重背包-背包模型.vcxproj", "{966753C5-072A-41C3-A5E0-BFEABD798877}"
EndProject
Global
	GlobalSection(SolutionConfigurationPlatforms) = preSolution
		Debug|x64 = Debug|x64
		Debug|x86 = Debug|x86
		Release|x64 = Release|x64
		Release|x86 = Release|x86
	EndGlobalSection
	GlobalSection(ProjectConfigurationPlatforms) = postSolution
		{A1BD9656-1EB3-4EAB-BC16-9626E734AF5D}.Debug|x64.ActiveCfg = Debug|x64
		{A1BD9656-1EB3-4EAB-BC16-9626E734AF5D}.Debug|x64.Build.0 = Debug|x64
		{A1BD9656-1EB3-4EAB-BC16-9626E734AF5D}.Debug|x86.ActiveCfg = Debug|Win32
		{A1BD9656-1EB3-4EAB-BC16-9626E734AF5D}.Debug|x86.Build.0 = Debug|Win32
		{A1BD9656-1EB3-4EAB-BC16-9626E734AF5D}.Release|x64.ActiveCfg = Release|x64
		{A1BD9656-1EB3-4EAB-BC16-9626E734AF5D}.Release|x64.Build.0 = Release|x64
		{A1BD9656-1EB3-4EAB-BC16-9626E734AF5D}.Release|x86.ActiveCfg = Release|Win32
		{A1BD9656-1EB3-4EAB-BC16-9626E734AF5D}.Release|x86.Build.0 = Release|Win32
		{878DD256-89A5-43E4-9B50-B4EF99569107}.Debug|x64.ActiveCfg = Debug|x64
		{878DD256-89A5-43E4-9B50-B4EF99569107}.Debug|x64.Build.0 = Debug|x64
		{878DD256-89A5-43E4-9B50-B4EF99569107}.Debug|x86.ActiveCfg = Debug|Win32
		{878DD256-89A5-43E4-9B50-B4EF99569107}.Debug|x86.Build.0 = Debug|Win32
		{878DD256-89A5-43E4-9B50-B4EF99569107}.Release|x64.ActiveCfg = Release|x64
		{878DD256-89A5-43E4-9B50-B4EF99569107}.Release|x64.Build.0 = Release|x64
		{878DD256-89A5-43E4-9B50-B4EF99569107}.Release|x86.ActiveCfg = Release|Win32
		{878DD256-89A5-43E4-9B50-B4EF99569107}.Release|x86.Build.0 = Release|Win32
		{245E0199-D091-493D-A13C-9DF57B8C66CD}.Debug|x64.ActiveCfg = Debug|x64
		{245E0199-D091-493D-A13C-9DF57B8C66CD}.Debug|x64.Build.0 = Debug|x64
		{245E0199-D091-493D-A13C-9DF57B8C66CD}.Debug|x86.ActiveCfg = Debug|Win32
		{245E0199-D091-493D-A13C-9DF57B8C66CD}.Debug|x86.Build.0 = Debug|Win32
		{245E0199-D091-493D-A13C-9DF57B8C66CD}.Release|x64.ActiveCfg = Release|x64
		{245E0199-D091-493D-A13C-9DF57B8C66CD}.Release|x64.Build.0 = Release|x64
		{245E0199-D091-493D-A13C-9DF57B8C66CD}.Release|x86.ActiveCfg = Release|Win32
		{245E0199-D091-493D-A13C-9DF57B8C66CD}.Release|x86.Build.0 = Release|Win32
		{1355CD29-24B7-44FD-AEE4-EED6C4C3CAAE}.Debug|x64.ActiveCfg = Debug|x64
		{1355CD29-24B7-44FD-AEE4-EED6C4C3CAAE}.Debug|x64.Build.0 = Debug|x64
		{1355CD29-24B7-44FD-AEE4-EED6C4C3CAAE}.Debug|x86.ActiveCfg = Debug|Win32
		{1355CD29-24B7-44FD-AEE4-EED6C4C3CAAE}.Debug|x86.Build.0 = Debug|Win32
		{1355CD29-24B7-44FD-AEE4-EED6C4C3CAAE}.Release|x64.ActiveCfg = Release|x64
		{1355CD29-24B7-44FD-AEE4-EED6C4C3CAAE}.Release|x64.Build.0 = Release|x64
		{1355CD29-24B7-44FD-AEE4-EED6C4C3CAAE}.Release|x86.ActiveCfg = Release|Win32
		{1355CD29-24B7-44FD-AEE4-EED6C4C3CAAE}.Release|x86.Build.0 = Release|Win32
		{A4B24C64-F996-4090-8313-2E045881F9FB}.Debug|x64.ActiveCfg = Debug|x64
		{A4B24C64-F996-4090-8313-2E045881F9FB}.Debug|x64.Build.0 = Debug|x64
		{A4B24C64-F996-4090-8313-2E045881F9FB}.Debug|x86.ActiveCfg = Debug|Win32
		{A4B24C64-F996-4090-8313-2E045881F9FB}.Debug|x86.Build.0 = Debug|Win32
		{A4B24C64-F996-4090-8313-2E045881F9FB}.Release|x64.ActiveCfg = Release|x64
		{A4B24C64-F996-4090-8313-2E045881F9FB}.Release|x64.Build.0 = Release|x64
		{A4B24C64-F996-4090-8313-2E045881F9FB}.Release|x86.ActiveCfg = Release|Win32
		{A4B24C64-F996-4090-8313-2E045881F9FB}.Release|x86.Build.0 = Release|Win32
		{85199706-E2C3-4CB0-9F84-0E5EB1849082}.Debug|x64.ActiveCfg = Debug|x64
		{85199706-E2C3-4CB0-9F84-0E5EB1849082}.Debug|x64.Build.0 = Debug|x64
		{85199706-E2C3-4CB0-9F84-0E5EB1849082}.Debug|x86.ActiveCfg = Debug|Win32
		{85199706-E2C3-4CB0-9F84-0E5EB1849082}.Debug|x86.Build.0 = Debug|Win32
		{85199706-E2C3-4CB0-9F84-0E5EB1849082}.Release|x64.ActiveCfg = Release|x64
		{85199706-E2C3-4CB0-9F84-0E5EB1849082}.Release|x64.Build.0 = Release|x64
		{85199706-E2C3-4CB0-9F84-0E5EB1849082}.Release|x86.ActiveCfg = Release|Win32
		{85199706-E2C3-4CB0-9F84-0E5EB1849082}.Release|x86.Build.0 = Release|Win32
		{966753C5-072A-41C3-A5E0-BFEABD798877}.Debug|x64.ActiveCfg = Debug|x64
		{966753C5-072A-41C3-A5E0-BFEABD798877}.Debug|x64.Build.0 = Debug|x64
		{966753C5-072A-41C3-A5E0-BFEABD798877}.Debug|x86.ActiveCfg = Debug|Win32
		{966753C5-072A-41C3-A5E0-BFEABD798877}.Debug|x86.Build.0 = Debug|Win32
		{966753C5-072A-41C3-A5E0-BFEABD798877}.Release|x64.ActiveCfg = Release|x64
		{966753C5-072A-41C3-A5E0-BFEABD798877}.Release|x64.Build.0 = Release|x64
		{966753C5-072A-41C3-A5E0-BFEABD798877}.Release|x86.ActiveCfg = Release|Win32
		{966753C5-072A-41C3-A5E0-BFEABD798877}.Release|x86.Build.0 = Release|Win32
	EndGlobalSection
	GlobalSection(SolutionProperties) = preSolution
		HideSolutionNode = FALSE
	EndGlobalSection
	GlobalSection(ExtensibilityGlobals) = postSolution
		SolutionGuid = {09F72251-E5F0-44BC-BB74-BB75C3221B9B}
	EndGlobalSection
EndGlobal
